
Microsoft Visual Studio Solution File, Format Version 12.00
# Visual Studio Version 16
VisualStudioVersion = 16.0.29519.181
MinimumVisualStudioVersion = 10.0.40219.1
Project("{FAE04EC0-301F-11D3-BF4B-00C04F79EFBC}") = "DiskProgramTests", "DiskProgramTests\DiskProgramTests.csproj", "{41E961A0-C167-45A1-9D9D-1F5C036395CE}"
EndProject
Project("{9A19103F-16F7-4668-BE54-9A1E7A4F7556}") = "DiskProgram", "DiskProgram\DiskProgram.csproj", "{44668CFB-E366-489C-A612-AF036E544492}"
EndProject
Global
	GlobalSection(SolutionConfigurationPlatforms) = preSolution
		Debug|Any CPU = Debug|Any CPU
		Release|Any CPU = Release|Any CPU
	EndGlobalSection
	GlobalSection(ProjectConfigurationPlatforms) = postSolution
		{41E961A0-C167-45A1-9D9D-1F5C036395CE}.Debug|Any CPU.ActiveCfg = Debug|Any CPU
		{41E961A0-C167-45A1-9D9D-1F5C036395CE}.Debug|Any CPU.Build.0 = Debug|Any CPU
		{41E961A0-C167-45A1-9D9D-1F5C036395CE}.Release|Any CPU.ActiveCfg = Release|Any CPU
		{41E961A0-C167-45A1-9D9D-1F5C036395CE}.Release|Any CPU.Build.0 = Release|Any CPU
		{44668CFB-E366-489C-A612-AF036E544492}.Debug|Any CPU.ActiveCfg = Debug|Any CPU
		{44668CFB-E366-489C-A612-AF036E544492}.Debug|Any CPU.Build.0 = Debug|Any CPU
		{44668CFB-E366-489C-A612-AF036E544492}.Release|Any CPU.ActiveCfg = Release|Any CPU
		{44668CFB-E366-489C-A612-AF036E544492}.Release|Any CPU.Build.0 = Release|Any CPU
	EndGlobalSection
	GlobalSection(SolutionProperties) = preSolution
		HideSolutionNode = FALSE
	EndGlobalSection
	GlobalSection(ExtensibilityGlobals) = postSolution
		SolutionGuid = {C02BE0F4-C7AA-4A22-B632-C09C48EC814B}
	EndGlobalSection
EndGlobal
